
Microsoft Visual Studio Solution File, Format Version 12.00
# Visual Studio 14
VisualStudioVersion = 14.0.23107.0
MinimumVisualStudioVersion = 10.0.40219.1
Project("{8BC9CEB8-8B4A-11D0-8D11-00A0C91BC942}") = "ArryList", "algorithm\algorithm.vcxproj", "{22EEC7C2-57D2-47EE-801E-937B8829BA0A}"
EndProject
Project("{8BC9CEB8-8B4A-11D0-8D11-00A0C91BC942}") = "LinkedList", "LinkedList\LinkedList.vcxproj", "{3B2110F6-0BA1-4005-9B95-890CA2F6B62C}"
EndProject
Project("{8BC9CEB8-8B4A-11D0-8D11-00A0C91BC942}") = "Stack", "Stack\Stack.vcxproj", "{6B6AB25A-3982-4A2A-AD64-5A9FDCBEF88A}"
EndProject
Project("{8BC9CEB8-8B4A-11D0-8D11-00A0C91BC942}") = "Queue", "Queue\Queue.vcxproj", "{8EE62E5E-20A4-4E2B-BF94-1FDD9AE4AEC9}"
EndProject
Project("{8BC9CEB8-8B4A-11D0-8D11-00A0C91BC942}") = "Sort", "Sort\Sort.vcxproj", "{2074D75C-837F-4131-86E4-B9D0A7693E15}"
EndProject
Project("{8BC9CEB8-8B4A-11D0-8D11-00A0C91BC942}") = "B-Search", "B-Search\B-Search.vcxproj", "{CACDF572-CF75-4A4C-B59F-A3184CC2C55A}"
EndProject
Project("{8BC9CEB8-8B4A-11D0-8D11-00A0C91BC942}") = "List_HashMap", "List_HashMap\List_HashMap.vcxproj", "{683DCF22-67DE-4D81-A01D-361FC61BD9B6}"
EndProject
Project("{8BC9CEB8-8B4A-11D0-8D11-00A0C91BC942}") = "BinaryTree", "BinaryTree\BinaryTree.vcxproj", "{0CC11E5A-9E87-4122-83E9-14AE980C2FD3}"
EndProject
Project("{8BC9CEB8-8B4A-11D0-8D11-00A0C91BC942}") = "Heap", "Heap\Heap.vcxproj", "{95806A77-2736-470C-8BF0-937E6F4963EC}"
EndProject
Project("{8BC9CEB8-8B4A-11D0-8D11-00A0C91BC942}") = "StringFunc", "StringFunc\StringFunc.vcxproj", "{C6B34BFF-49F6-4434-8F1B-799CE180ABC6}"
EndProject
Project("{8BC9CEB8-8B4A-11D0-8D11-00A0C91BC942}") = "Graph", "Graph\Graph.vcxproj", "{D88EF2A0-B649-4A1C-9195-026912352D4D}"
EndProject
Project("{8BC9CEB8-8B4A-11D0-8D11-00A0C91BC942}") = "Dynamic_Programming", "Dynamic_Programming\Dynamic_Programming.vcxproj", "{458F6988-A0F3-453E-A6E1-ED4EC08D3C85}"
EndProject
Global
	GlobalSection(SolutionConfigurationPlatforms) = preSolution
		Debug|x64 = Debug|x64
		Debug|x86 = Debug|x86
		Release|x64 = Release|x64
		Release|x86 = Release|x86
	EndGlobalSection
	GlobalSection(ProjectConfigurationPlatforms) = postSolution
		{22EEC7C2-57D2-47EE-801E-937B8829BA0A}.Debug|x64.ActiveCfg = Debug|x64
		{22EEC7C2-57D2-47EE-801E-937B8829BA0A}.Debug|x64.Build.0 = Debug|x64
		{22EEC7C2-57D2-47EE-801E-937B8829BA0A}.Debug|x86.ActiveCfg = Debug|Win32
		{22EEC7C2-57D2-47EE-801E-937B8829BA0A}.Debug|x86.Build.0 = Debug|Win32
		{22EEC7C2-57D2-47EE-801E-937B8829BA0A}.Release|x64.ActiveCfg = Release|x64
		{22EEC7C2-57D2-47EE-801E-937B8829BA0A}.Release|x64.Build.0 = Release|x64
		{22EEC7C2-57D2-47EE-801E-937B8829BA0A}.Release|x86.ActiveCfg = Release|Win32
		{22EEC7C2-57D2-47EE-801E-937B8829BA0A}.Release|x86.Build.0 = Release|Win32
		{3B2110F6-0BA1-4005-9B95-890CA2F6B62C}.Debug|x64.ActiveCfg = Debug|x64
		{3B2110F6-0BA1-4005-9B95-890CA2F6B62C}.Debug|x64.Build.0 = Debug|x64
		{3B2110F6-0BA1-4005-9B95-890CA2F6B62C}.Debug|x86.ActiveCfg = Debug|Win32
		{3B2110F6-0BA1-4005-9B95-890CA2F6B62C}.Debug|x86.Build.0 = Debug|Win32
		{3B2110F6-0BA1-4005-9B95-890CA2F6B62C}.Release|x64.ActiveCfg = Release|x64
		{3B2110F6-0BA1-4005-9B95-890CA2F6B62C}.Release|x64.Build.0 = Release|x64
		{3B2110F6-0BA1-4005-9B95-890CA2F6B62C}.Release|x86.ActiveCfg = Release|Win32
		{3B2110F6-0BA1-4005-9B95-890CA2F6B62C}.Release|x86.Build.0 = Release|Win32
		{6B6AB25A-3982-4A2A-AD64-5A9FDCBEF88A}.Debug|x64.ActiveCfg = Debug|x64
		{6B6AB25A-3982-4A2A-AD64-5A9FDCBEF88A}.Debug|x64.Build.0 = Debug|x64
		{6B6AB25A-3982-4A2A-AD64-5A9FDCBEF88A}.Debug|x86.ActiveCfg = Debug|Win32
		{6B6AB25A-3982-4A2A-AD64-5A9FDCBEF88A}.Debug|x86.Build.0 = Debug|Win32
		{6B6AB25A-3982-4A2A-AD64-5A9FDCBEF88A}.Release|x64.ActiveCfg = Release|x64
		{6B6AB25A-3982-4A2A-AD64-5A9FDCBEF88A}.Release|x64.Build.0 = Release|x64
		{6B6AB25A-3982-4A2A-AD64-5A9FDCBEF88A}.Release|x86.ActiveCfg = Release|Win32
		{6B6AB25A-3982-4A2A-AD64-5A9FDCBEF88A}.Release|x86.Build.0 = Release|Win32
		{8EE62E5E-20A4-4E2B-BF94-1FDD9AE4AEC9}.Debug|x64.ActiveCfg = Debug|x64
		{8EE62E5E-20A4-4E2B-BF94-1FDD9AE4AEC9}.Debug|x64.Build.0 = Debug|x64
		{8EE62E5E-20A4-4E2B-BF94-1FDD9AE4AEC9}.Debug|x86.ActiveCfg = Debug|Win32
		{8EE62E5E-20A4-4E2B-BF94-1FDD9AE4AEC9}.Debug|x86.Build.0 = Debug|Win32
		{8EE62E5E-20A4-4E2B-BF94-1FDD9AE4AEC9}.Release|x64.ActiveCfg = Release|x64
		{8EE62E5E-20A4-4E2B-BF94-1FDD9AE4AEC9}.Release|x64.Build.0 = Release|x64
		{8EE62E5E-20A4-4E2B-BF94-1FDD9AE4AEC9}.Release|x86.ActiveCfg = Release|Win32
		{8EE62E5E-20A4-4E2B-BF94-1FDD9AE4AEC9}.Release|x86.Build.0 = Release|Win32
		{2074D75C-837F-4131-86E4-B9D0A7693E15}.Debug|x64.ActiveCfg = Debug|x64
		{2074D75C-837F-4131-86E4-B9D0A7693E15}.Debug|x64.Build.0 = Debug|x64
		{2074D75C-837F-4131-86E4-B9D0A7693E15}.Debug|x86.ActiveCfg = Debug|Win32
		{2074D75C-837F-4131-86E4-B9D0A7693E15}.Debug|x86.Build.0 = Debug|Win32
		{2074D75C-837F-4131-86E4-B9D0A7693E15}.Release|x64.ActiveCfg = Release|x64
		{2074D75C-837F-4131-86E4-B9D0A7693E15}.Release|x64.Build.0 = Release|x64
		{2074D75C-837F-4131-86E4-B9D0A7693E15}.Release|x86.ActiveCfg = Release|Win32
		{2074D75C-837F-4131-86E4-B9D0A7693E15}.Release|x86.Build.0 = Release|Win32
		{CACDF572-CF75-4A4C-B59F-A3184CC2C55A}.Debug|x64.ActiveCfg = Debug|x64
		{CACDF572-CF75-4A4C-B59F-A3184CC2C55A}.Debug|x64.Build.0 = Debug|x64
		{CACDF572-CF75-4A4C-B59F-A3184CC2C55A}.Debug|x86.ActiveCfg = Debug|Win32
		{CACDF572-CF75-4A4C-B59F-A3184CC2C55A}.Debug|x86.Build.0 = Debug|Win32
		{CACDF572-CF75-4A4C-B59F-A3184CC2C55A}.Release|x64.ActiveCfg = Release|x64
		{CACDF572-CF75-4A4C-B59F-A3184CC2C55A}.Release|x64.Build.0 = Release|x64
		{CACDF572-CF75-4A4C-B59F-A3184CC2C55A}.Release|x86.ActiveCfg = Release|Win32
		{CACDF572-CF75-4A4C-B59F-A3184CC2C55A}.Release|x86.Build.0 = Release|Win32
		{683DCF22-67DE-4D81-A01D-361FC61BD9B6}.Debug|x64.ActiveCfg = Debug|x64
		{683DCF22-67DE-4D81-A01D-361FC61BD9B6}.Debug|x64.Build.0 = Debug|x64
		{683DCF22-67DE-4D81-A01D-361FC61BD9B6}.Debug|x86.ActiveCfg = Debug|Win32
		{683DCF22-67DE-4D81-A01D-361FC61BD9B6}.Debug|x86.Build.0 = Debug|Win32
		{683DCF22-67DE-4D81-A01D-361FC61BD9B6}.Release|x64.ActiveCfg = Release|x64
		{683DCF22-67DE-4D81-A01D-361FC61BD9B6}.Release|x64.Build.0 = Release|x64
		{683DCF22-67DE-4D81-A01D-361FC61BD9B6}.Release|x86.ActiveCfg = Release|Win32
		{683DCF22-67DE-4D81-A01D-361FC61BD9B6}.Release|x86.Build.0 = Release|Win32
		{0CC11E5A-9E87-4122-83E9-14AE980C2FD3}.Debug|x64.ActiveCfg = Debug|x64
		{0CC11E5A-9E87-4122-83E9-14AE980C2FD3}.Debug|x64.Build.0 = Debug|x64
		{0CC11E5A-9E87-4122-83E9-14AE980C2FD3}.Debug|x86.ActiveCfg = Debug|Win32
		{0CC11E5A-9E87-4122-83E9-14AE980C2FD3}.Debug|x86.Build.0 = Debug|Win32
		{0CC11E5A-9E87-4122-83E9-14AE980C2FD3}.Release|x64.ActiveCfg = Release|x64
		{0CC11E5A-9E87-4122-83E9-14AE980C2FD3}.Release|x64.Build.0 = Release|x64
		{0CC11E5A-9E87-4122-83E9-14AE980C2FD3}.Release|x86.ActiveCfg = Release|Win32
		{0CC11E5A-9E87-4122-83E9-14AE980C2FD3}.Release|x86.Build.0 = Release|Win32
		{95806A77-2736-470C-8BF0-937E6F4963EC}.Debug|x64.ActiveCfg = Debug|x64
		{95806A77-2736-470C-8BF0-937E6F4963EC}.Debug|x64.Build.0 = Debug|x64
		{95806A77-2736-470C-8BF0-937E6F4963EC}.Debug|x86.ActiveCfg = Debug|Win32
		{95806A77-2736-470C-8BF0-937E6F4963EC}.Debug|x86.Build.0 = Debug|Win32
		{95806A77-2736-470C-8BF0-937E6F4963EC}.Release|x64.ActiveCfg = Release|x64
		{95806A77-2736-470C-8BF0-937E6F4963EC}.Release|x64.Build.0 = Release|x64
		{95806A77-2736-470C-8BF0-937E6F4963EC}.Release|x86.ActiveCfg = Release|Win32
		{95806A77-2736-470C-8BF0-937E6F4963EC}.Release|x86.Build.0 = Release|Win32
		{C6B34BFF-49F6-4434-8F1B-799CE180ABC6}.Debug|x64.ActiveCfg = Debug|x64
		{C6B34BFF-49F6-4434-8F1B-799CE180ABC6}.Debug|x64.Build.0 = Debug|x64
		{C6B34BFF-49F6-4434-8F1B-799CE180ABC6}.Debug|x86.ActiveCfg = Debug|Win32
		{C6B34BFF-49F6-4434-8F1B-799CE180ABC6}.Debug|x86.Build.0 = Debug|Win32
		{C6B34BFF-49F6-4434-8F1B-799CE180ABC6}.Release|x64.ActiveCfg = Release|x64
		{C6B34BFF-49F6-4434-8F1B-799CE180ABC6}.Release|x64.Build.0 = Release|x64
		{C6B34BFF-49F6-4434-8F1B-799CE180ABC6}.Release|x86.ActiveCfg = Release|Win32
		{C6B34BFF-49F6-4434-8F1B-799CE180ABC6}.Release|x86.Build.0 = Release|Win32
		{D88EF2A0-B649-4A1C-9195-026912352D4D}.Debug|x64.ActiveCfg = Debug|x64
		{D88EF2A0-B649-4A1C-9195-026912352D4D}.Debug|x64.Build.0 = Debug|x64
		{D88EF2A0-B649-4A1C-9195-026912352D4D}.Debug|x86.ActiveCfg = Debug|Win32
		{D88EF2A0-B649-4A1C-9195-026912352D4D}.Debug|x86.Build.0 = Debug|Win32
		{D88EF2A0-B649-4A1C-9195-026912352D4D}.Release|x64.ActiveCfg = Release|x64
		{D88EF2A0-B649-4A1C-9195-026912352D4D}.Release|x64.Build.0 = Release|x64
		{D88EF2A0-B649-4A1C-9195-026912352D4D}.Release|x86.ActiveCfg = Release|Win32
		{D88EF2A0-B649-4A1C-9195-026912352D4D}.Release|x86.Build.0 = Release|Win32
		{458F6988-A0F3-453E-A6E1-ED4EC08D3C85}.Debug|x64.ActiveCfg = Debug|x64
		{458F6988-A0F3-453E-A6E1-ED4EC08D3C85}.Debug|x64.Build.0 = Debug|x64
		{458F6988-A0F3-453E-A6E1-ED4EC08D3C85}.Debug|x86.ActiveCfg = Debug|Win32
		{458F6988-A0F3-453E-A6E1-ED4EC08D3C85}.Debug|x86.Build.0 = Debug|Win32
		{458F6988-A0F3-453E-A6E1-ED4EC08D3C85}.Release|x64.ActiveCfg = Release|x64
		{458F6988-A0F3-453E-A6E1-ED4EC08D3C85}.Release|x64.Build.0 = Release|x64
		{458F6988-A0F3-453E-A6E1-ED4EC08D3C85}.Release|x86.ActiveCfg = Release|Win32
		{458F6988-A0F3-453E-A6E1-ED4EC08D3C85}.Release|x86.Build.0 = Release|Win32
	EndGlobalSection
	GlobalSection(SolutionProperties) = preSolution
		HideSolutionNode = FALSE
	EndGlobalSection
EndGlobal
